// !$*UTF8*$!
{
	archiveVersion = 1;
	classes = {
	};
	objectVersion = 55;
	objects = {

/* Begin PBXBuildFile section */
		433F3F7827F0DA6C006FC975 /* GameLevelSet.swift in Sources */ = {isa = PBXBuildFile; fileRef = 433F3F7727F0DA6C006FC975 /* GameLevelSet.swift */; };
		433F3F7D27F0DBB6006FC975 /* GameLevels.xcdatamodeld in Sources */ = {isa = PBXBuildFile; fileRef = 433F3F7B27F0DBB6006FC975 /* GameLevels.xcdatamodeld */; };
		433F3F7F27F0DC22006FC975 /* GameLevel+CoreDataProperties.swift in Sources */ = {isa = PBXBuildFile; fileRef = 433F3F7E27F0DC22006FC975 /* GameLevel+CoreDataProperties.swift */; };
		433F3F8328070B68006FC975 /* WinScreenViewController.swift in Sources */ = {isa = PBXBuildFile; fileRef = 433F3F8228070B68006FC975 /* WinScreenViewController.swift */; };
		433F3F852809EAF9006FC975 /* CustomWinViewController.swift in Sources */ = {isa = PBXBuildFile; fileRef = 433F3F842809EAF9006FC975 /* CustomWinViewController.swift */; };
		43DFFABA27DF80C0007691E7 /* AppDelegate.swift in Sources */ = {isa = PBXBuildFile; fileRef = 43DFFAB927DF80C0007691E7 /* AppDelegate.swift */; };
		43DFFABC27DF80C0007691E7 /* GameScene.sks in Resources */ = {isa = PBXBuildFile; fileRef = 43DFFABB27DF80C0007691E7 /* GameScene.sks */; };
		43DFFABE27DF80C0007691E7 /* Actions.sks in Resources */ = {isa = PBXBuildFile; fileRef = 43DFFABD27DF80C0007691E7 /* Actions.sks */; };
		43DFFAC027DF80C1007691E7 /* GameScene.swift in Sources */ = {isa = PBXBuildFile; fileRef = 43DFFABF27DF80C1007691E7 /* GameScene.swift */; };
		43DFFAC227DF80C1007691E7 /* GameViewController.swift in Sources */ = {isa = PBXBuildFile; fileRef = 43DFFAC127DF80C1007691E7 /* GameViewController.swift */; };
		43DFFAC527DF80C1007691E7 /* Main.storyboard in Resources */ = {isa = PBXBuildFile; fileRef = 43DFFAC327DF80C1007691E7 /* Main.storyboard */; };
		43DFFAC727DF80C3007691E7 /* Assets.xcassets in Resources */ = {isa = PBXBuildFile; fileRef = 43DFFAC627DF80C3007691E7 /* Assets.xcassets */; };
		43DFFACA27DF80C3007691E7 /* LaunchScreen.storyboard in Resources */ = {isa = PBXBuildFile; fileRef = 43DFFAC827DF80C3007691E7 /* LaunchScreen.storyboard */; };
		43DFFAD427DF80C4007691E7 /* Colorful_DotsTests.swift in Sources */ = {isa = PBXBuildFile; fileRef = 43DFFAD327DF80C4007691E7 /* Colorful_DotsTests.swift */; };
		43DFFADE27DF80C4007691E7 /* Colorful_DotsUITests.swift in Sources */ = {isa = PBXBuildFile; fileRef = 43DFFADD27DF80C4007691E7 /* Colorful_DotsUITests.swift */; };
		43DFFAE027DF80C4007691E7 /* Colorful_DotsUITestsLaunchTests.swift in Sources */ = {isa = PBXBuildFile; fileRef = 43DFFADF27DF80C4007691E7 /* Colorful_DotsUITestsLaunchTests.swift */; };
		88E13B6F27FF7D8F003BA764 /* win.mp3 in Resources */ = {isa = PBXBuildFile; fileRef = 88E13B6B27FF7D8F003BA764 /* win.mp3 */; };
		88E13B7027FF7D8F003BA764 /* bonk.mp3 in Resources */ = {isa = PBXBuildFile; fileRef = 88E13B6C27FF7D8F003BA764 /* bonk.mp3 */; };
		88E13B7127FF7D8F003BA764 /* button.mp3 in Resources */ = {isa = PBXBuildFile; fileRef = 88E13B6D27FF7D8F003BA764 /* button.mp3 */; };
		88F3A76B28047EDC00E882F7 /* music.mp3 in Resources */ = {isa = PBXBuildFile; fileRef = 88F3A76A28047EDC00E882F7 /* music.mp3 */; };
		88F3A76F280480F200E882F7 /* oops.mp3 in Resources */ = {isa = PBXBuildFile; fileRef = 88F3A76C280480F200E882F7 /* oops.mp3 */; };
		88F3A770280480F200E882F7 /* drop.mp3 in Resources */ = {isa = PBXBuildFile; fileRef = 88F3A76D280480F200E882F7 /* drop.mp3 */; };
		88F3A771280480F200E882F7 /* select.mp3 in Resources */ = {isa = PBXBuildFile; fileRef = 88F3A76E280480F200E882F7 /* select.mp3 */; };
		88F3A7732804818800E882F7 /* reset.mp3 in Resources */ = {isa = PBXBuildFile; fileRef = 88F3A7722804818800E882F7 /* reset.mp3 */; };
		B92A4C0727E8C902003FBF69 /* MenuViewController.swift in Sources */ = {isa = PBXBuildFile; fileRef = B92A4C0627E8C902003FBF69 /* MenuViewController.swift */; };
		B92A4C0927E8DE5C003FBF69 /* LevelSelectionViewController.swift in Sources */ = {isa = PBXBuildFile; fileRef = B92A4C0827E8DE5C003FBF69 /* LevelSelectionViewController.swift */; };
		B92A4C0B27E8DEE5003FBF69 /* SettingsViewController.swift in Sources */ = {isa = PBXBuildFile; fileRef = B92A4C0A27E8DEE5003FBF69 /* SettingsViewController.swift */; };
/* End PBXBuildFile section */

/* Begin PBXContainerItemProxy section */
		43DFFAD027DF80C4007691E7 /* PBXContainerItemProxy */ = {
			isa = PBXContainerItemProxy;
			containerPortal = 43DFFAAE27DF80C0007691E7 /* Project object */;
			proxyType = 1;
			remoteGlobalIDString = 43DFFAB527DF80C0007691E7;
			remoteInfo = "Colorful Dots";
		};
		43DFFADA27DF80C4007691E7 /* PBXContainerItemProxy */ = {
			isa = PBXContainerItemProxy;
			containerPortal = 43DFFAAE27DF80C0007691E7 /* Project object */;
			proxyType = 1;
			remoteGlobalIDString = 43DFFAB527DF80C0007691E7;
			remoteInfo = "Colorful Dots";
		};
/* End PBXContainerItemProxy section */

/* Begin PBXFileReference section */
		433F3F7727F0DA6C006FC975 /* GameLevelSet.swift */ = {isa = PBXFileReference; lastKnownFileType = sourcecode.swift; path = GameLevelSet.swift; sourceTree = "<group>"; };
		433F3F7C27F0DBB6006FC975 /* GameLevels.xcdatamodel */ = {isa = PBXFileReference; lastKnownFileType = wrapper.xcdatamodel; path = GameLevels.xcdatamodel; sourceTree = "<group>"; };
		433F3F7E27F0DC22006FC975 /* GameLevel+CoreDataProperties.swift */ = {isa = PBXFileReference; lastKnownFileType = sourcecode.swift; path = "GameLevel+CoreDataProperties.swift"; sourceTree = "<group>"; };
		433F3F8228070B68006FC975 /* WinScreenViewController.swift */ = {isa = PBXFileReference; lastKnownFileType = sourcecode.swift; path = WinScreenViewController.swift; sourceTree = "<group>"; };
		433F3F842809EAF9006FC975 /* CustomWinViewController.swift */ = {isa = PBXFileReference; lastKnownFileType = sourcecode.swift; path = CustomWinViewController.swift; sourceTree = "<group>"; };
		43DFFAB627DF80C0007691E7 /* Colorful Dots.app */ = {isa = PBXFileReference; explicitFileType = wrapper.application; includeInIndex = 0; path = "Colorful Dots.app"; sourceTree = BUILT_PRODUCTS_DIR; };
		43DFFAB927DF80C0007691E7 /* AppDelegate.swift */ = {isa = PBXFileReference; lastKnownFileType = sourcecode.swift; path = AppDelegate.swift; sourceTree = "<group>"; };
		43DFFABB27DF80C0007691E7 /* GameScene.sks */ = {isa = PBXFileReference; lastKnownFileType = file.sks; path = GameScene.sks; sourceTree = "<group>"; };
		43DFFABD27DF80C0007691E7 /* Actions.sks */ = {isa = PBXFileReference; lastKnownFileType = file.sks; path = Actions.sks; sourceTree = "<group>"; };
		43DFFABF27DF80C1007691E7 /* GameScene.swift */ = {isa = PBXFileReference; lastKnownFileType = sourcecode.swift; path = GameScene.swift; sourceTree = "<group>"; };
		43DFFAC127DF80C1007691E7 /* GameViewController.swift */ = {isa = PBXFileReference; lastKnownFileType = sourcecode.swift; path = GameViewController.swift; sourceTree = "<group>"; };
		43DFFAC427DF80C1007691E7 /* Base */ = {isa = PBXFileReference; lastKnownFileType = file.storyboard; name = Base; path = Base.lproj/Main.storyboard; sourceTree = "<group>"; };
		43DFFAC627DF80C3007691E7 /* Assets.xcassets */ = {isa = PBXFileReference; lastKnownFileType = folder.assetcatalog; path = Assets.xcassets; sourceTree = "<group>"; };
		43DFFAC927DF80C3007691E7 /* Base */ = {isa = PBXFileReference; lastKnownFileType = file.storyboard; name = Base; path = Base.lproj/LaunchScreen.storyboard; sourceTree = "<group>"; };
		43DFFACF27DF80C4007691E7 /* Colorful DotsTests.xctest */ = {isa = PBXFileReference; explicitFileType = wrapper.cfbundle; includeInIndex = 0; path = "Colorful DotsTests.xctest"; sourceTree = BUILT_PRODUCTS_DIR; };
		43DFFAD327DF80C4007691E7 /* Colorful_DotsTests.swift */ = {isa = PBXFileReference; lastKnownFileType = sourcecode.swift; path = Colorful_DotsTests.swift; sourceTree = "<group>"; };
		43DFFAD927DF80C4007691E7 /* Colorful DotsUITests.xctest */ = {isa = PBXFileReference; explicitFileType = wrapper.cfbundle; includeInIndex = 0; path = "Colorful DotsUITests.xctest"; sourceTree = BUILT_PRODUCTS_DIR; };
		43DFFADD27DF80C4007691E7 /* Colorful_DotsUITests.swift */ = {isa = PBXFileReference; lastKnownFileType = sourcecode.swift; path = Colorful_DotsUITests.swift; sourceTree = "<group>"; };
		43DFFADF27DF80C4007691E7 /* Colorful_DotsUITestsLaunchTests.swift */ = {isa = PBXFileReference; lastKnownFileType = sourcecode.swift; path = Colorful_DotsUITestsLaunchTests.swift; sourceTree = "<group>"; };
		88E13B6B27FF7D8F003BA764 /* win.mp3 */ = {isa = PBXFileReference; lastKnownFileType = audio.mp3; path = win.mp3; sourceTree = "<group>"; };
		88E13B6C27FF7D8F003BA764 /* bonk.mp3 */ = {isa = PBXFileReference; lastKnownFileType = audio.mp3; path = bonk.mp3; sourceTree = "<group>"; };
		88E13B6D27FF7D8F003BA764 /* button.mp3 */ = {isa = PBXFileReference; lastKnownFileType = audio.mp3; path = button.mp3; sourceTree = "<group>"; };
		88E13B7427FF850B003BA764 /* Colorful-Dots-Info.plist */ = {isa = PBXFileReference; lastKnownFileType = text.plist; path = "Colorful-Dots-Info.plist"; sourceTree = SOURCE_ROOT; };
		88F3A76A28047EDC00E882F7 /* music.mp3 */ = {isa = PBXFileReference; lastKnownFileType = audio.mp3; path = music.mp3; sourceTree = "<group>"; };
		88F3A76C280480F200E882F7 /* oops.mp3 */ = {isa = PBXFileReference; lastKnownFileType = audio.mp3; path = oops.mp3; sourceTree = "<group>"; };
		88F3A76D280480F200E882F7 /* drop.mp3 */ = {isa = PBXFileReference; lastKnownFileType = audio.mp3; path = drop.mp3; sourceTree = "<group>"; };
		88F3A76E280480F200E882F7 /* select.mp3 */ = {isa = PBXFileReference; lastKnownFileType = audio.mp3; path = select.mp3; sourceTree = "<group>"; };
		88F3A7722804818800E882F7 /* reset.mp3 */ = {isa = PBXFileReference; lastKnownFileType = audio.mp3; path = reset.mp3; sourceTree = "<group>"; };
		B92A4C0627E8C902003FBF69 /* MenuViewController.swift */ = {isa = PBXFileReference; lastKnownFileType = sourcecode.swift; path = MenuViewController.swift; sourceTree = "<group>"; };
		B92A4C0827E8DE5C003FBF69 /* LevelSelectionViewController.swift */ = {isa = PBXFileReference; lastKnownFileType = sourcecode.swift; path = LevelSelectionViewController.swift; sourceTree = "<group>"; };
		B92A4C0A27E8DEE5003FBF69 /* SettingsViewController.swift */ = {isa = PBXFileReference; lastKnownFileType = sourcecode.swift; path = SettingsViewController.swift; sourceTree = "<group>"; };
/* End PBXFileReference section */

/* Begin PBXFrameworksBuildPhase section */
		43DFFAB327DF80C0007691E7 /* Frameworks */ = {
			isa = PBXFrameworksBuildPhase;
			buildActionMask = 2147483647;
			files = (
			);
			runOnlyForDeploymentPostprocessing = 0;
		};
		43DFFACC27DF80C4007691E7 /* Frameworks */ = {
			isa = PBXFrameworksBuildPhase;
			buildActionMask = 2147483647;
			files = (
			);
			runOnlyForDeploymentPostprocessing = 0;
		};
		43DFFAD627DF80C4007691E7 /* Frameworks */ = {
			isa = PBXFrameworksBuildPhase;
			buildActionMask = 2147483647;
			files = (
			);
			runOnlyForDeploymentPostprocessing = 0;
		};
/* End PBXFrameworksBuildPhase section */

/* Begin PBXGroup section */
		43DFFAAD27DF80C0007691E7 = {
			isa = PBXGroup;
			children = (
				433F3F7E27F0DC22006FC975 /* GameLevel+CoreDataProperties.swift */,
				43DFFAB827DF80C0007691E7 /* Colorful Dots */,
				43DFFAD227DF80C4007691E7 /* Colorful DotsTests */,
				43DFFADC27DF80C4007691E7 /* Colorful DotsUITests */,
				43DFFAB727DF80C0007691E7 /* Products */,
			);
			sourceTree = "<group>";
		};
		43DFFAB727DF80C0007691E7 /* Products */ = {
			isa = PBXGroup;
			children = (
				43DFFAB627DF80C0007691E7 /* Colorful Dots.app */,
				43DFFACF27DF80C4007691E7 /* Colorful DotsTests.xctest */,
				43DFFAD927DF80C4007691E7 /* Colorful DotsUITests.xctest */,
			);
			name = Products;
			sourceTree = "<group>";
		};
		43DFFAB827DF80C0007691E7 /* Colorful Dots */ = {
			isa = PBXGroup;
			children = (
				88E13B7427FF850B003BA764 /* Colorful-Dots-Info.plist */,
				88E13B6927FF7D67003BA764 /* Audio */,
				B92A4C0527E8C8B6003FBF69 /* Scenes */,
				B92A4C0427E8C863003FBF69 /* ViewControllers */,
				43DFFAB927DF80C0007691E7 /* AppDelegate.swift */,
				43DFFAC327DF80C1007691E7 /* Main.storyboard */,
				43DFFAC627DF80C3007691E7 /* Assets.xcassets */,
				43DFFAC827DF80C3007691E7 /* LaunchScreen.storyboard */,
				433F3F7727F0DA6C006FC975 /* GameLevelSet.swift */,
				433F3F7B27F0DBB6006FC975 /* GameLevels.xcdatamodeld */,
			);
			path = "Colorful Dots";
			sourceTree = "<group>";
		};
		43DFFAD227DF80C4007691E7 /* Colorful DotsTests */ = {
			isa = PBXGroup;
			children = (
				43DFFAD327DF80C4007691E7 /* Colorful_DotsTests.swift */,
			);
			path = "Colorful DotsTests";
			sourceTree = "<group>";
		};
		43DFFADC27DF80C4007691E7 /* Colorful DotsUITests */ = {
			isa = PBXGroup;
			children = (
				43DFFADD27DF80C4007691E7 /* Colorful_DotsUITests.swift */,
				43DFFADF27DF80C4007691E7 /* Colorful_DotsUITestsLaunchTests.swift */,
			);
			path = "Colorful DotsUITests";
			sourceTree = "<group>";
		};
		88E13B6927FF7D67003BA764 /* Audio */ = {
			isa = PBXGroup;
			children = (
				88F3A7722804818800E882F7 /* reset.mp3 */,
				88F3A76D280480F200E882F7 /* drop.mp3 */,
				88F3A76C280480F200E882F7 /* oops.mp3 */,
				88F3A76E280480F200E882F7 /* select.mp3 */,
				88F3A76A28047EDC00E882F7 /* music.mp3 */,
				88E13B6C27FF7D8F003BA764 /* bonk.mp3 */,
				88E13B6D27FF7D8F003BA764 /* button.mp3 */,
				88E13B6B27FF7D8F003BA764 /* win.mp3 */,
			);
			path = Audio;
			sourceTree = "<group>";
		};
		B92A4C0427E8C863003FBF69 /* ViewControllers */ = {
			isa = PBXGroup;
			children = (
				43DFFAC127DF80C1007691E7 /* GameViewController.swift */,
				B92A4C0627E8C902003FBF69 /* MenuViewController.swift */,
				B92A4C0827E8DE5C003FBF69 /* LevelSelectionViewController.swift */,
				B92A4C0A27E8DEE5003FBF69 /* SettingsViewController.swift */,
				433F3F8228070B68006FC975 /* WinScreenViewController.swift */,
				433F3F842809EAF9006FC975 /* CustomWinViewController.swift */,
			);
			path = ViewControllers;
			sourceTree = "<group>";
		};
		B92A4C0527E8C8B6003FBF69 /* Scenes */ = {
			isa = PBXGroup;
			children = (
				43DFFABF27DF80C1007691E7 /* GameScene.swift */,
				43DFFABB27DF80C0007691E7 /* GameScene.sks */,
				43DFFABD27DF80C0007691E7 /* Actions.sks */,
			);
			path = Scenes;
			sourceTree = "<group>";
		};
/* End PBXGroup section */

/* Begin PBXNativeTarget section */
		43DFFAB527DF80C0007691E7 /* Colorful Dots */ = {
			isa = PBXNativeTarget;
			buildConfigurationList = 43DFFAE327DF80C4007691E7 /* Build configuration list for PBXNativeTarget "Colorful Dots" */;
			buildPhases = (
				43DFFAB227DF80C0007691E7 /* Sources */,
				43DFFAB327DF80C0007691E7 /* Frameworks */,
				43DFFAB427DF80C0007691E7 /* Resources */,
			);
			buildRules = (
			);
			dependencies = (
			);
			name = "Colorful Dots";
			productName = "Colorful Dots";
			productReference = 43DFFAB627DF80C0007691E7 /* Colorful Dots.app */;
			productType = "com.apple.product-type.application";
		};
		43DFFACE27DF80C4007691E7 /* Colorful DotsTests */ = {
			isa = PBXNativeTarget;
			buildConfigurationList = 43DFFAE627DF80C4007691E7 /* Build configuration list for PBXNativeTarget "Colorful DotsTests" */;
			buildPhases = (
				43DFFACB27DF80C4007691E7 /* Sources */,
				43DFFACC27DF80C4007691E7 /* Frameworks */,
				43DFFACD27DF80C4007691E7 /* Resources */,
			);
			buildRules = (
			);
			dependencies = (
				43DFFAD127DF80C4007691E7 /* PBXTargetDependency */,
			);
			name = "Colorful DotsTests";
			productName = "Colorful DotsTests";
			productReference = 43DFFACF27DF80C4007691E7 /* Colorful DotsTests.xctest */;
			productType = "com.apple.product-type.bundle.unit-test";
		};
		43DFFAD827DF80C4007691E7 /* Colorful DotsUITests */ = {
			isa = PBXNativeTarget;
			buildConfigurationList = 43DFFAE927DF80C4007691E7 /* Build configuration list for PBXNativeTarget "Colorful DotsUITests" */;
			buildPhases = (
				43DFFAD527DF80C4007691E7 /* Sources */,
				43DFFAD627DF80C4007691E7 /* Frameworks */,
				43DFFAD727DF80C4007691E7 /* Resources */,
			);
			buildRules = (
			);
			dependencies = (
				43DFFADB27DF80C4007691E7 /* PBXTargetDependency */,
			);
			name = "Colorful DotsUITests";
			productName = "Colorful DotsUITests";
			productReference = 43DFFAD927DF80C4007691E7 /* Colorful DotsUITests.xctest */;
			productType = "com.apple.product-type.bundle.ui-testing";
		};
/* End PBXNativeTarget section */

/* Begin PBXProject section */
		43DFFAAE27DF80C0007691E7 /* Project object */ = {
			isa = PBXProject;
			attributes = {
				BuildIndependentTargetsInParallel = 1;
				LastSwiftUpdateCheck = 1320;
				LastUpgradeCheck = 1320;
				TargetAttributes = {
					43DFFAB527DF80C0007691E7 = {
						CreatedOnToolsVersion = 13.2.1;
					};
					43DFFACE27DF80C4007691E7 = {
						CreatedOnToolsVersion = 13.2.1;
						TestTargetID = 43DFFAB527DF80C0007691E7;
					};
					43DFFAD827DF80C4007691E7 = {
						CreatedOnToolsVersion = 13.2.1;
						TestTargetID = 43DFFAB527DF80C0007691E7;
					};
				};
			};
			buildConfigurationList = 43DFFAB127DF80C0007691E7 /* Build configuration list for PBXProject "Colorful Dots" */;
			compatibilityVersion = "Xcode 13.0";
			developmentRegion = en;
			hasScannedForEncodings = 0;
			knownRegions = (
				en,
				Base,
			);
			mainGroup = 43DFFAAD27DF80C0007691E7;
			productRefGroup = 43DFFAB727DF80C0007691E7 /* Products */;
			projectDirPath = "";
			projectRoot = "";
			targets = (
				43DFFAB527DF80C0007691E7 /* Colorful Dots */,
				43DFFACE27DF80C4007691E7 /* Colorful DotsTests */,
				43DFFAD827DF80C4007691E7 /* Colorful DotsUITests */,
			);
		};
/* End PBXProject section */

/* Begin PBXResourcesBuildPhase section */
		43DFFAB427DF80C0007691E7 /* Resources */ = {
			isa = PBXResourcesBuildPhase;
			buildActionMask = 2147483647;
			files = (
				88F3A771280480F200E882F7 /* select.mp3 in Resources */,
				88E13B7027FF7D8F003BA764 /* bonk.mp3 in Resources */,
				88F3A76F280480F200E882F7 /* oops.mp3 in Resources */,
				43DFFAC527DF80C1007691E7 /* Main.storyboard in Resources */,
				88F3A76B28047EDC00E882F7 /* music.mp3 in Resources */,
				43DFFABC27DF80C0007691E7 /* GameScene.sks in Resources */,
				88F3A770280480F200E882F7 /* drop.mp3 in Resources */,
				88E13B6F27FF7D8F003BA764 /* win.mp3 in Resources */,
				43DFFAC727DF80C3007691E7 /* Assets.xcassets in Resources */,
				43DFFACA27DF80C3007691E7 /* LaunchScreen.storyboard in Resources */,
				88E13B7127FF7D8F003BA764 /* button.mp3 in Resources */,
				43DFFABE27DF80C0007691E7 /* Actions.sks in Resources */,
				88F3A7732804818800E882F7 /* reset.mp3 in Resources */,
			);
			runOnlyForDeploymentPostprocessing = 0;
		};
		43DFFACD27DF80C4007691E7 /* Resources */ = {
			isa = PBXResourcesBuildPhase;
			buildActionMask = 2147483647;
			files = (
			);
			runOnlyForDeploymentPostprocessing = 0;
		};
		43DFFAD727DF80C4007691E7 /* Resources */ = {
			isa = PBXResourcesBuildPhase;
			buildActionMask = 2147483647;
			files = (
			);
			runOnlyForDeploymentPostprocessing = 0;
		};
/* End PBXResourcesBuildPhase section */

/* Begin PBXSourcesBuildPhase section */
		43DFFAB227DF80C0007691E7 /* Sources */ = {
			isa = PBXSourcesBuildPhase;
			buildActionMask = 2147483647;
			files = (
				43DFFAC027DF80C1007691E7 /* GameScene.swift in Sources */,
				43DFFAC227DF80C1007691E7 /* GameViewController.swift in Sources */,
				43DFFABA27DF80C0007691E7 /* AppDelegate.swift in Sources */,
				B92A4C0727E8C902003FBF69 /* MenuViewController.swift in Sources */,
				433F3F7F27F0DC22006FC975 /* GameLevel+CoreDataProperties.swift in Sources */,
				433F3F852809EAF9006FC975 /* CustomWinViewController.swift in Sources */,
				433F3F7D27F0DBB6006FC975 /* GameLevels.xcdatamodeld in Sources */,
				B92A4C0927E8DE5C003FBF69 /* LevelSelectionViewController.swift in Sources */,
				B92A4C0B27E8DEE5003FBF69 /* SettingsViewController.swift in Sources */,
				433F3F7827F0DA6C006FC975 /* GameLevelSet.swift in Sources */,
				433F3F8328070B68006FC975 /* WinScreenViewController.swift in Sources */,
			);
			runOnlyForDeploymentPostprocessing = 0;
		};
		43DFFACB27DF80C4007691E7 /* Sources */ = {
			isa = PBXSourcesBuildPhase;
			buildActionMask = 2147483647;
			files = (
				43DFFAD427DF80C4007691E7 /* Colorful_DotsTests.swift in Sources */,
			);
			runOnlyForDeploymentPostprocessing = 0;
		};
		43DFFAD527DF80C4007691E7 /* Sources */ = {
			isa = PBXSourcesBuildPhase;
			buildActionMask = 2147483647;
			files = (
				43DFFAE027DF80C4007691E7 /* Colorful_DotsUITestsLaunchTests.swift in Sources */,
				43DFFADE27DF80C4007691E7 /* Colorful_DotsUITests.swift in Sources */,
			);
			runOnlyForDeploymentPostprocessing = 0;
		};
/* End PBXSourcesBuildPhase section */

/* Begin PBXTargetDependency section */
		43DFFAD127DF80C4007691E7 /* PBXTargetDependency */ = {
			isa = PBXTargetDependency;
			target = 43DFFAB527DF80C0007691E7 /* Colorful Dots */;
			targetProxy = 43DFFAD027DF80C4007691E7 /* PBXContainerItemProxy */;
		};
		43DFFADB27DF80C4007691E7 /* PBXTargetDependency */ = {
			isa = PBXTargetDependency;
			target = 43DFFAB527DF80C0007691E7 /* Colorful Dots */;
			targetProxy = 43DFFADA27DF80C4007691E7 /* PBXContainerItemProxy */;
		};
/* End PBXTargetDependency section */

/* Begin PBXVariantGroup section */
		43DFFAC327DF80C1007691E7 /* Main.storyboard */ = {
			isa = PBXVariantGroup;
			children = (
				43DFFAC427DF80C1007691E7 /* Base */,
			);
			name = Main.storyboard;
			sourceTree = "<group>";
		};
		43DFFAC827DF80C3007691E7 /* LaunchScreen.storyboard */ = {
			isa = PBXVariantGroup;
			children = (
				43DFFAC927DF80C3007691E7 /* Base */,
			);
			name = LaunchScreen.storyboard;
			sourceTree = "<group>";
		};
/* End PBXVariantGroup section */

/* Begin XCBuildConfiguration section */
		43DFFAE127DF80C4007691E7 /* Debug */ = {
			isa = XCBuildConfiguration;
			buildSettings = {
				ALWAYS_SEARCH_USER_PATHS = NO;
				CLANG_ANALYZER_NONNULL = YES;
				CLANG_ANALYZER_NUMBER_OBJECT_CONVERSION = YES_AGGRESSIVE;
				CLANG_CXX_LANGUAGE_STANDARD = "gnu++17";
				CLANG_CXX_LIBRARY = "libc++";
				CLANG_ENABLE_MODULES = YES;
				CLANG_ENABLE_OBJC_ARC = YES;
				CLANG_ENABLE_OBJC_WEAK = YES;
				CLANG_WARN_BLOCK_CAPTURE_AUTORELEASING = YES;
				CLANG_WARN_BOOL_CONVERSION = YES;
				CLANG_WARN_COMMA = YES;
				CLANG_WARN_CONSTANT_CONVERSION = YES;
				CLANG_WARN_DEPRECATED_OBJC_IMPLEMENTATIONS = YES;
				CLANG_WARN_DIRECT_OBJC_ISA_USAGE = YES_ERROR;
				CLANG_WARN_DOCUMENTATION_COMMENTS = YES;
				CLANG_WARN_EMPTY_BODY = YES;
				CLANG_WARN_ENUM_CONVERSION = YES;
				CLANG_WARN_INFINITE_RECURSION = YES;
				CLANG_WARN_INT_CONVERSION = YES;
				CLANG_WARN_NON_LITERAL_NULL_CONVERSION = YES;
				CLANG_WARN_OBJC_IMPLICIT_RETAIN_SELF = YES;
				CLANG_WARN_OBJC_LITERAL_CONVERSION = YES;
				CLANG_WARN_OBJC_ROOT_CLASS = YES_ERROR;
				CLANG_WARN_QUOTED_INCLUDE_IN_FRAMEWORK_HEADER = YES;
				CLANG_WARN_RANGE_LOOP_ANALYSIS = YES;
				CLANG_WARN_STRICT_PROTOTYPES = YES;
				CLANG_WARN_SUSPICIOUS_MOVE = YES;
				CLANG_WARN_UNGUARDED_AVAILABILITY = YES_AGGRESSIVE;
				CLANG_WARN_UNREACHABLE_CODE = YES;
				CLANG_WARN__DUPLICATE_METHOD_MATCH = YES;
				COPY_PHASE_STRIP = NO;
				DEBUG_INFORMATION_FORMAT = dwarf;
				ENABLE_STRICT_OBJC_MSGSEND = YES;
				ENABLE_TESTABILITY = YES;
				GCC_C_LANGUAGE_STANDARD = gnu11;
				GCC_DYNAMIC_NO_PIC = NO;
				GCC_NO_COMMON_BLOCKS = YES;
				GCC_OPTIMIZATION_LEVEL = 0;
				GCC_PREPROCESSOR_DEFINITIONS = (
					"DEBUG=1",
					"$(inherited)",
				);
				GCC_WARN_64_TO_32_BIT_CONVERSION = YES;
				GCC_WARN_ABOUT_RETURN_TYPE = YES_ERROR;
				GCC_WARN_UNDECLARED_SELECTOR = YES;
				GCC_WARN_UNINITIALIZED_AUTOS = YES_AGGRESSIVE;
				GCC_WARN_UNUSED_FUNCTION = YES;
				GCC_WARN_UNUSED_VARIABLE = YES;
				IPHONEOS_DEPLOYMENT_TARGET = 15.2;
				MTL_ENABLE_DEBUG_INFO = INCLUDE_SOURCE;
				MTL_FAST_MATH = YES;
				ONLY_ACTIVE_ARCH = YES;
				SDKROOT = iphoneos;
				SWIFT_ACTIVE_COMPILATION_CONDITIONS = DEBUG;
				SWIFT_OPTIMIZATION_LEVEL = "-Onone";
			};
			name = Debug;
		};
		43DFFAE227DF80C4007691E7 /* Release */ = {
			isa = XCBuildConfiguration;
			buildSettings = {
				ALWAYS_SEARCH_USER_PATHS = NO;
				CLANG_ANALYZER_NONNULL = YES;
				CLANG_ANALYZER_NUMBER_OBJECT_CONVERSION = YES_AGGRESSIVE;
				CLANG_CXX_LANGUAGE_STANDARD = "gnu++17";
				CLANG_CXX_LIBRARY = "libc++";
				CLANG_ENABLE_MODULES = YES;
				CLANG_ENABLE_OBJC_ARC = YES;
				CLANG_ENABLE_OBJC_WEAK = YES;
				CLANG_WARN_BLOCK_CAPTURE_AUTORELEASING = YES;
				CLANG_WARN_BOOL_CONVERSION = YES;
				CLANG_WARN_COMMA = YES;
				CLANG_WARN_CONSTANT_CONVERSION = YES;
				CLANG_WARN_DEPRECATED_OBJC_IMPLEMENTATIONS = YES;
				CLANG_WARN_DIRECT_OBJC_ISA_USAGE = YES_ERROR;
				CLANG_WARN_DOCUMENTATION_COMMENTS = YES;
				CLANG_WARN_EMPTY_BODY = YES;
				CLANG_WARN_ENUM_CONVERSION = YES;
				CLANG_WARN_INFINITE_RECURSION = YES;
				CLANG_WARN_INT_CONVERSION = YES;
				CLANG_WARN_NON_LITERAL_NULL_CONVERSION = YES;
				CLANG_WARN_OBJC_IMPLICIT_RETAIN_SELF = YES;
				CLANG_WARN_OBJC_LITERAL_CONVERSION = YES;
				CLANG_WARN_OBJC_ROOT_CLASS = YES_ERROR;
				CLANG_WARN_QUOTED_INCLUDE_IN_FRAMEWORK_HEADER = YES;
				CLANG_WARN_RANGE_LOOP_ANALYSIS = YES;
				CLANG_WARN_STRICT_PROTOTYPES = YES;
				CLANG_WARN_SUSPICIOUS_MOVE = YES;
				CLANG_WARN_UNGUARDED_AVAILABILITY = YES_AGGRESSIVE;
				CLANG_WARN_UNREACHABLE_CODE = YES;
				CLANG_WARN__DUPLICATE_METHOD_MATCH = YES;
				COPY_PHASE_STRIP = NO;
				DEBUG_INFORMATION_FORMAT = "dwarf-with-dsym";
				ENABLE_NS_ASSERTIONS = NO;
				ENABLE_STRICT_OBJC_MSGSEND = YES;
				GCC_C_LANGUAGE_STANDARD = gnu11;
				GCC_NO_COMMON_BLOCKS = YES;
				GCC_WARN_64_TO_32_BIT_CONVERSION = YES;
				GCC_WARN_ABOUT_RETURN_TYPE = YES_ERROR;
				GCC_WARN_UNDECLARED_SELECTOR = YES;
				GCC_WARN_UNINITIALIZED_AUTOS = YES_AGGRESSIVE;
				GCC_WARN_UNUSED_FUNCTION = YES;
				GCC_WARN_UNUSED_VARIABLE = YES;
				IPHONEOS_DEPLOYMENT_TARGET = 15.2;
				MTL_ENABLE_DEBUG_INFO = NO;
				MTL_FAST_MATH = YES;
				SDKROOT = iphoneos;
				SWIFT_COMPILATION_MODE = wholemodule;
				SWIFT_OPTIMIZATION_LEVEL = "-O";
				VALIDATE_PRODUCT = YES;
			};
			name = Release;
		};
		43DFFAE427DF80C4007691E7 /* Debug */ = {
			isa = XCBuildConfiguration;
			buildSettings = {
				ASSETCATALOG_COMPILER_APPICON_NAME = AppIcon;
				ASSETCATALOG_COMPILER_GLOBAL_ACCENT_COLOR_NAME = AccentColor;
				CODE_SIGN_STYLE = Automatic;
				CURRENT_PROJECT_VERSION = 1;
				GENERATE_INFOPLIST_FILE = YES;
				INFOPLIST_FILE = "Colorful-Dots-Info.plist";
				INFOPLIST_KEY_UIApplicationSupportsIndirectInputEvents = YES;
				INFOPLIST_KEY_UILaunchStoryboardName = LaunchScreen;
				INFOPLIST_KEY_UIMainStoryboardFile = Main;
				INFOPLIST_KEY_UIStatusBarHidden = YES;
				INFOPLIST_KEY_UISupportedInterfaceOrientations = UIInterfaceOrientationPortrait;
				INFOPLIST_KEY_UISupportedInterfaceOrientations_iPad = "UIInterfaceOrientationPortrait UIInterfaceOrientationPortraitUpsideDown UIInterfaceOrientationLandscapeLeft UIInterfaceOrientationLandscapeRight";
				INFOPLIST_KEY_UISupportedInterfaceOrientations_iPhone = UIInterfaceOrientationPortrait;
				LD_RUNPATH_SEARCH_PATHS = (
					"$(inherited)",
					"@executable_path/Frameworks",
				);
				MARKETING_VERSION = 1.0;
				PRODUCT_BUNDLE_IDENTIFIER = "cs.mad.Colorful-Dots";
				PRODUCT_NAME = "$(TARGET_NAME)";
				SWIFT_EMIT_LOC_STRINGS = YES;
				SWIFT_VERSION = 5.0;
				TARGETED_DEVICE_FAMILY = "1,2";
			};
			name = Debug;
		};
		43DFFAE527DF80C4007691E7 /* Release */ = {
			isa = XCBuildConfiguration;
			buildSettings = {
				ASSETCATALOG_COMPILER_APPICON_NAME = AppIcon;
				ASSETCATALOG_COMPILER_GLOBAL_ACCENT_COLOR_NAME = AccentColor;
				CODE_SIGN_STYLE = Automatic;
				CURRENT_PROJECT_VERSION = 1;
				GENERATE_INFOPLIST_FILE = YES;
				INFOPLIST_FILE = "Colorful-Dots-Info.plist";
				INFOPLIST_KEY_UIApplicationSupportsIndirectInputEvents = YES;
				INFOPLIST_KEY_UILaunchStoryboardName = LaunchScreen;
				INFOPLIST_KEY_UIMainStoryboardFile = Main;
				INFOPLIST_KEY_UIStatusBarHidden = YES;
				INFOPLIST_KEY_UISupportedInterfaceOrientations = UIInterfaceOrientationPortrait;
				INFOPLIST_KEY_UISupportedInterfaceOrientations_iPad = "UIInterfaceOrientationPortrait UIInterfaceOrientationPortraitUpsideDown UIInterfaceOrientationLandscapeLeft UIInterfaceOrientationLandscapeRight";
				INFOPLIST_KEY_UISupportedInterfaceOrientations_iPhone = UIInterfaceOrientationPortrait;
				LD_RUNPATH_SEARCH_PATHS = (
					"$(inherited)",
					"@executable_path/Frameworks",
				);
				MARKETING_VERSION = 1.0;
				PRODUCT_BUNDLE_IDENTIFIER = "cs.mad.Colorful-Dots";
				PRODUCT_NAME = "$(TARGET_NAME)";
				SWIFT_EMIT_LOC_STRINGS = YES;
				SWIFT_VERSION = 5.0;
				TARGETED_DEVICE_FAMILY = "1,2";
			};
			name = Release;
		};
		43DFFAE727DF80C4007691E7 /* Debug */ = {
			isa = XCBuildConfiguration;
			buildSettings = {
				ALWAYS_EMBED_SWIFT_STANDARD_LIBRARIES = YES;
				BUNDLE_LOADER = "$(TEST_HOST)";
				CODE_SIGN_STYLE = Automatic;
				CURRENT_PROJECT_VERSION = 1;
				GENERATE_INFOPLIST_FILE = YES;
				IPHONEOS_DEPLOYMENT_TARGET = 15.2;
				MARKETING_VERSION = 1.0;
				PRODUCT_BUNDLE_IDENTIFIER = "cs.mad.Colorful-DotsTests";
				PRODUCT_NAME = "$(TARGET_NAME)";
				SWIFT_EMIT_LOC_STRINGS = NO;
				SWIFT_VERSION = 5.0;
				TARGETED_DEVICE_FAMILY = "1,2";
				TEST_HOST = "$(BUILT_PRODUCTS_DIR)/Colorful Dots.app/Colorful Dots";
			};
			name = Debug;
		};
		43DFFAE827DF80C4007691E7 /* Release */ = {
			isa = XCBuildConfiguration;
			buildSettings = {
				ALWAYS_EMBED_SWIFT_STANDARD_LIBRARIES = YES;
				BUNDLE_LOADER = "$(TEST_HOST)";
				CODE_SIGN_STYLE = Automatic;
				CURRENT_PROJECT_VERSION = 1;
				GENERATE_INFOPLIST_FILE = YES;
				IPHONEOS_DEPLOYMENT_TARGET = 15.2;
				MARKETING_VERSION = 1.0;
				PRODUCT_BUNDLE_IDENTIFIER = "cs.mad.Colorful-DotsTests";
				PRODUCT_NAME = "$(TARGET_NAME)";
				SWIFT_EMIT_LOC_STRINGS = NO;
				SWIFT_VERSION = 5.0;
				TARGETED_DEVICE_FAMILY = "1,2";
				TEST_HOST = "$(BUILT_PRODUCTS_DIR)/Colorful Dots.app/Colorful Dots";
			};
			name = Release;
		};
		43DFFAEA27DF80C4007691E7 /* Debug */ = {
			isa = XCBuildConfiguration;
			buildSettings = {
				ALWAYS_EMBED_SWIFT_STANDARD_LIBRARIES = YES;
				CODE_SIGN_STYLE = Automatic;
				CURRENT_PROJECT_VERSION = 1;
				GENERATE_INFOPLIST_FILE = YES;
				MARKETING_VERSION = 1.0;
				PRODUCT_BUNDLE_IDENTIFIER = "cs.mad.Colorful-DotsUITests";
				PRODUCT_NAME = "$(TARGET_NAME)";
				SWIFT_EMIT_LOC_STRINGS = NO;
				SWIFT_VERSION = 5.0;
				TARGETED_DEVICE_FAMILY = "1,2";
				TEST_TARGET_NAME = "Colorful Dots";
			};
			name = Debug;
		};
		43DFFAEB27DF80C4007691E7 /* Release */ = {
			isa = XCBuildConfiguration;
			buildSettings = {
				ALWAYS_EMBED_SWIFT_STANDARD_LIBRARIES = YES;
				CODE_SIGN_STYLE = Automatic;
				CURRENT_PROJECT_VERSION = 1;
				GENERATE_INFOPLIST_FILE = YES;
				MARKETING_VERSION = 1.0;
				PRODUCT_BUNDLE_IDENTIFIER = "cs.mad.Colorful-DotsUITests";
				PRODUCT_NAME = "$(TARGET_NAME)";
				SWIFT_EMIT_LOC_STRINGS = NO;
				SWIFT_VERSION = 5.0;
				TARGETED_DEVICE_FAMILY = "1,2";
				TEST_TARGET_NAME = "Colorful Dots";
			};
			name = Release;
		};
/* End XCBuildConfiguration section */

/* Begin XCConfigurationList section */
		43DFFAB127DF80C0007691E7 /* Build configuration list for PBXProject "Colorful Dots" */ = {
			isa = XCConfigurationList;
			buildConfigurations = (
				43DFFAE127DF80C4007691E7 /* Debug */,
				43DFFAE227DF80C4007691E7 /* Release */,
			);
			defaultConfigurationIsVisible = 0;
			defaultConfigurationName = Release;
		};
		43DFFAE327DF80C4007691E7 /* Build configuration list for PBXNativeTarget "Colorful Dots" */ = {
			isa = XCConfigurationList;
			buildConfigurations = (
				43DFFAE427DF80C4007691E7 /* Debug */,
				43DFFAE527DF80C4007691E7 /* Release */,
			);
			defaultConfigurationIsVisible = 0;
			defaultConfigurationName = Release;
		};
		43DFFAE627DF80C4007691E7 /* Build configuration list for PBXNativeTarget "Colorful DotsTests" */ = {
			isa = XCConfigurationList;
			buildConfigurations = (
				43DFFAE727DF80C4007691E7 /* Debug */,
				43DFFAE827DF80C4007691E7 /* Release */,
			);
			defaultConfigurationIsVisible = 0;
			defaultConfigurationName = Release;
		};
		43DFFAE927DF80C4007691E7 /* Build configuration list for PBXNativeTarget "Colorful DotsUITests" */ = {
			isa = XCConfigurationList;
			buildConfigurations = (
				43DFFAEA27DF80C4007691E7 /* Debug */,
				43DFFAEB27DF80C4007691E7 /* Release */,
			);
			defaultConfigurationIsVisible = 0;
			defaultConfigurationName = Release;
		};
/* End XCConfigurationList section */

/* Begin XCVersionGroup section */
		433F3F7B27F0DBB6006FC975 /* GameLevels.xcdatamodeld */ = {
			isa = XCVersionGroup;
			children = (
				433F3F7C27F0DBB6006FC975 /* GameLevels.xcdatamodel */,
			);
			currentVersion = 433F3F7C27F0DBB6006FC975 /* GameLevels.xcdatamodel */;
			path = GameLevels.xcdatamodeld;
			sourceTree = "<group>";
			versionGroupType = wrapper.xcdatamodel;
		};
/* End XCVersionGroup section */
	};
	rootObject = 43DFFAAE27DF80C0007691E7 /* Project object */;
}
